
Microsoft Visual Studio Solution File, Format Version 12.00
# Visual Studio Version 17
VisualStudioVersion = 17.0.31903.59
MinimumVisualStudioVersion = 10.0.40219.1
Project("{FAE04EC0-301F-11D3-BF4B-00C04F79EFBC}") = "PassLock", "PassLock\PassLock.csproj", "{79312E09-F8FC-4689-83F0-FC69B89FAE46}"
EndProject
Project("{FAE04EC0-301F-11D3-BF4B-00C04F79EFBC}") = "PassLock.Commands", "PassLock.Commands\PassLock.Commands.csproj", "{45CE643C-86E7-48CB-8F3F-4635753C15C6}"
EndProject
Project("{FAE04EC0-301F-11D3-BF4B-00C04F79EFBC}") = "PassLock.Core", "PassLock.Core\PassLock.Core.csproj", "{D3D8F347-659F-4803-ADCF-F61198B6F330}"
EndProject
Project("{FAE04EC0-301F-11D3-BF4B-00C04F79EFBC}") = "PassLock.EntityFramework", "PassLock.EntityFramework\PassLock.EntityFramework.csproj", "{C2F38A14-D8B1-4B5F-9A1C-C6D24C4C518B}"
EndProject
Project("{FAE04EC0-301F-11D3-BF4B-00C04F79EFBC}") = "PassLock.UnitTests", "PassLock.UnitTests\PassLock.UnitTests.csproj", "{96E87FAB-DF27-4FEF-8608-93857BBBAE47}"
EndProject
Global
	GlobalSection(SolutionConfigurationPlatforms) = preSolution
		Debug|Any CPU = Debug|Any CPU
		Release|Any CPU = Release|Any CPU
	EndGlobalSection
	GlobalSection(SolutionProperties) = preSolution
		HideSolutionNode = FALSE
	EndGlobalSection
	GlobalSection(ProjectConfigurationPlatforms) = postSolution
		{79312E09-F8FC-4689-83F0-FC69B89FAE46}.Debug|Any CPU.ActiveCfg = Debug|Any CPU
		{79312E09-F8FC-4689-83F0-FC69B89FAE46}.Debug|Any CPU.Build.0 = Debug|Any CPU
		{79312E09-F8FC-4689-83F0-FC69B89FAE46}.Release|Any CPU.ActiveCfg = Release|Any CPU
		{79312E09-F8FC-4689-83F0-FC69B89FAE46}.Release|Any CPU.Build.0 = Release|Any CPU
		{45CE643C-86E7-48CB-8F3F-4635753C15C6}.Debug|Any CPU.ActiveCfg = Debug|Any CPU
		{45CE643C-86E7-48CB-8F3F-4635753C15C6}.Debug|Any CPU.Build.0 = Debug|Any CPU
		{45CE643C-86E7-48CB-8F3F-4635753C15C6}.Release|Any CPU.ActiveCfg = Release|Any CPU
		{45CE643C-86E7-48CB-8F3F-4635753C15C6}.Release|Any CPU.Build.0 = Release|Any CPU
		{D3D8F347-659F-4803-ADCF-F61198B6F330}.Debug|Any CPU.ActiveCfg = Debug|Any CPU
		{D3D8F347-659F-4803-ADCF-F61198B6F330}.Debug|Any CPU.Build.0 = Debug|Any CPU
		{D3D8F347-659F-4803-ADCF-F61198B6F330}.Release|Any CPU.ActiveCfg = Release|Any CPU
		{D3D8F347-659F-4803-ADCF-F61198B6F330}.Release|Any CPU.Build.0 = Release|Any CPU
		{C2F38A14-D8B1-4B5F-9A1C-C6D24C4C518B}.Debug|Any CPU.ActiveCfg = Debug|Any CPU
		{C2F38A14-D8B1-4B5F-9A1C-C6D24C4C518B}.Debug|Any CPU.Build.0 = Debug|Any CPU
		{C2F38A14-D8B1-4B5F-9A1C-C6D24C4C518B}.Release|Any CPU.ActiveCfg = Release|Any CPU
		{C2F38A14-D8B1-4B5F-9A1C-C6D24C4C518B}.Release|Any CPU.Build.0 = Release|Any CPU
		{96E87FAB-DF27-4FEF-8608-93857BBBAE47}.Debug|Any CPU.ActiveCfg = Debug|Any CPU
		{96E87FAB-DF27-4FEF-8608-93857BBBAE47}.Debug|Any CPU.Build.0 = Debug|Any CPU
		{96E87FAB-DF27-4FEF-8608-93857BBBAE47}.Release|Any CPU.ActiveCfg = Release|Any CPU
		{96E87FAB-DF27-4FEF-8608-93857BBBAE47}.Release|Any CPU.Build.0 = Release|Any CPU
	EndGlobalSection
EndGlobal
